
Microsoft Visual Studio Solution File, Format Version 12.00
# Visual Studio Version 17
VisualStudioVersion = 17.10.35013.160
MinimumVisualStudioVersion = 10.0.40219.1
Project("{FAE04EC0-301F-11D3-BF4B-00C04F79EFBC}") = "combobox_listbox", "combobox_listbox\combobox_listbox.csproj", "{23BEF36C-FE72-4336-9F3A-C32654B29C97}"
EndProject
Global
	GlobalSection(SolutionConfigurationPlatforms) = preSolution
		Debug|Any CPU = Debug|Any CPU
		Release|Any CPU = Release|Any CPU
	EndGlobalSection
	GlobalSection(ProjectConfigurationPlatforms) = postSolution
		{23BEF36C-FE72-4336-9F3A-C32654B29C97}.Debug|Any CPU.ActiveCfg = Debug|Any CPU
		{23BEF36C-FE72-4336-9F3A-C32654B29C97}.Debug|Any CPU.Build.0 = Debug|Any CPU
		{23BEF36C-FE72-4336-9F3A-C32654B29C97}.Release|Any CPU.ActiveCfg = Release|Any CPU
		{23BEF36C-FE72-4336-9F3A-C32654B29C97}.Release|Any CPU.Build.0 = Release|Any CPU
	EndGlobalSection
	GlobalSection(SolutionProperties) = preSolution
		HideSolutionNode = FALSE
	EndGlobalSection
	GlobalSection(ExtensibilityGlobals) = postSolution
		SolutionGuid = {DB3FCCB9-0DFA-4171-85D7-60947E395001}
	EndGlobalSection
EndGlobal
