
Microsoft Visual Studio Solution File, Format Version 12.00
# Visual Studio Version 17
VisualStudioVersion = 17.10.35013.160
MinimumVisualStudioVersion = 10.0.40219.1
Project("{FAE04EC0-301F-11D3-BF4B-00C04F79EFBC}") = "String_uygulama", "String_uygulama\String_uygulama.csproj", "{80442F4F-BC4D-4BE1-9201-B2EB6144E959}"
EndProject
Global
	GlobalSection(SolutionConfigurationPlatforms) = preSolution
		Debug|Any CPU = Debug|Any CPU
		Release|Any CPU = Release|Any CPU
	EndGlobalSection
	GlobalSection(ProjectConfigurationPlatforms) = postSolution
		{80442F4F-BC4D-4BE1-9201-B2EB6144E959}.Debug|Any CPU.ActiveCfg = Debug|Any CPU
		{80442F4F-BC4D-4BE1-9201-B2EB6144E959}.Debug|Any CPU.Build.0 = Debug|Any CPU
		{80442F4F-BC4D-4BE1-9201-B2EB6144E959}.Release|Any CPU.ActiveCfg = Release|Any CPU
		{80442F4F-BC4D-4BE1-9201-B2EB6144E959}.Release|Any CPU.Build.0 = Release|Any CPU
	EndGlobalSection
	GlobalSection(SolutionProperties) = preSolution
		HideSolutionNode = FALSE
	EndGlobalSection
	GlobalSection(ExtensibilityGlobals) = postSolution
		SolutionGuid = {D4C235EF-1083-4524-B158-1DE7CAF8F629}
	EndGlobalSection
EndGlobal
