
Microsoft Visual Studio Solution File, Format Version 12.00
# Visual Studio Version 17
VisualStudioVersion = 17.10.35013.160
MinimumVisualStudioVersion = 10.0.40219.1
Project("{FAE04EC0-301F-11D3-BF4B-00C04F79EFBC}") = "series_uygulama", "series_uygulama\series_uygulama.csproj", "{EC0DB41D-9BEA-4E23-BEBC-CFE267EA8B73}"
EndProject
Global
	GlobalSection(SolutionConfigurationPlatforms) = preSolution
		Debug|Any CPU = Debug|Any CPU
		Release|Any CPU = Release|Any CPU
	EndGlobalSection
	GlobalSection(ProjectConfigurationPlatforms) = postSolution
		{EC0DB41D-9BEA-4E23-BEBC-CFE267EA8B73}.Debug|Any CPU.ActiveCfg = Debug|Any CPU
		{EC0DB41D-9BEA-4E23-BEBC-CFE267EA8B73}.Debug|Any CPU.Build.0 = Debug|Any CPU
		{EC0DB41D-9BEA-4E23-BEBC-CFE267EA8B73}.Release|Any CPU.ActiveCfg = Release|Any CPU
		{EC0DB41D-9BEA-4E23-BEBC-CFE267EA8B73}.Release|Any CPU.Build.0 = Release|Any CPU
	EndGlobalSection
	GlobalSection(SolutionProperties) = preSolution
		HideSolutionNode = FALSE
	EndGlobalSection
	GlobalSection(ExtensibilityGlobals) = postSolution
		SolutionGuid = {40D039CC-A20B-4E6D-925D-A9C3A7DCFD7B}
	EndGlobalSection
EndGlobal
