
Microsoft Visual Studio Solution File, Format Version 12.00
# Visual Studio Version 17
VisualStudioVersion = 17.10.35013.160
MinimumVisualStudioVersion = 10.0.40219.1
Project("{FAE04EC0-301F-11D3-BF4B-00C04F79EFBC}") = "Variables_uygulama", "Variables_uygulama\Variables_uygulama.csproj", "{5D8D4C41-D4FA-46D8-8F37-626FCCC541E4}"
EndProject
Global
	GlobalSection(SolutionConfigurationPlatforms) = preSolution
		Debug|Any CPU = Debug|Any CPU
		Release|Any CPU = Release|Any CPU
	EndGlobalSection
	GlobalSection(ProjectConfigurationPlatforms) = postSolution
		{5D8D4C41-D4FA-46D8-8F37-626FCCC541E4}.Debug|Any CPU.ActiveCfg = Debug|Any CPU
		{5D8D4C41-D4FA-46D8-8F37-626FCCC541E4}.Debug|Any CPU.Build.0 = Debug|Any CPU
		{5D8D4C41-D4FA-46D8-8F37-626FCCC541E4}.Release|Any CPU.ActiveCfg = Release|Any CPU
		{5D8D4C41-D4FA-46D8-8F37-626FCCC541E4}.Release|Any CPU.Build.0 = Release|Any CPU
	EndGlobalSection
	GlobalSection(SolutionProperties) = preSolution
		HideSolutionNode = FALSE
	EndGlobalSection
	GlobalSection(ExtensibilityGlobals) = postSolution
		SolutionGuid = {A617E068-A1D1-41A5-8D51-AB3ADDEE1D0C}
	EndGlobalSection
EndGlobal
